
Microsoft Visual Studio Solution File, Format Version 12.00
# Visual Studio 14
VisualStudioVersion = 14.0.25420.1
MinimumVisualStudioVersion = 10.0.40219.1
Project("{FAE04EC0-301F-11D3-BF4B-00C04F79EFBC}") = "AxiFormsAutorisation", "AxiFormsAutorisation\AxiFormsAutorisation\AxiFormsAutorisation.csproj", "{0CCE7184-B2F9-4207-9FE7-5BCD2C8E2078}"
EndProject
Project("{FAE04EC0-301F-11D3-BF4B-00C04F79EFBC}") = "AxiFormsAutorisation.Droid", "AxiFormsAutorisation\AxiFormsAutorisation.Droid\AxiFormsAutorisation.Droid.csproj", "{65EE2DC7-719E-4AEF-9F01-E4198111D95A}"
EndProject
Project("{FAE04EC0-301F-11D3-BF4B-00C04F79EFBC}") = "AxiFormsAutorisation.iOS", "AxiFormsAutorisation\AxiFormsAutorisation.iOS\AxiFormsAutorisation.iOS.csproj", "{FA984E19-0CFC-42C7-9899-2D002A97B002}"
EndProject
Project("{FAE04EC0-301F-11D3-BF4B-00C04F79EFBC}") = "AxiFormsAutorisation.WinPhone", "AxiFormsAutorisation\AxiFormsAutorisation.WinPhone\AxiFormsAutorisation.WinPhone.csproj", "{EF422586-2BDA-4D07-83C8-2DCBB6513DB0}"
EndProject
Project("{FAE04EC0-301F-11D3-BF4B-00C04F79EFBC}") = "AxiFormsAutorisation.UWP", "AxiFormsAutorisation\AxiFormsAutorisation.UWP\AxiFormsAutorisation.UWP.csproj", "{6E258629-DEE5-4076-B3AF-639B8AAE3B8C}"
EndProject
Project("{FAE04EC0-301F-11D3-BF4B-00C04F79EFBC}") = "AxiFormsAutorisation.Windows", "AxiFormsAutorisation\AxiFormsAutorisation.Windows\AxiFormsAutorisation.Windows.csproj", "{6864B06B-D9A4-4D21-82F0-9499AD704C4D}"
EndProject
Global
	GlobalSection(SolutionConfigurationPlatforms) = preSolution
		Ad-Hoc|Any CPU = Ad-Hoc|Any CPU
		Ad-Hoc|ARM = Ad-Hoc|ARM
		Ad-Hoc|iPhone = Ad-Hoc|iPhone
		Ad-Hoc|iPhoneSimulator = Ad-Hoc|iPhoneSimulator
		Ad-Hoc|x64 = Ad-Hoc|x64
		Ad-Hoc|x86 = Ad-Hoc|x86
		AppStore|Any CPU = AppStore|Any CPU
		AppStore|ARM = AppStore|ARM
		AppStore|iPhone = AppStore|iPhone
		AppStore|iPhoneSimulator = AppStore|iPhoneSimulator
		AppStore|x64 = AppStore|x64
		AppStore|x86 = AppStore|x86
		Debug|Any CPU = Debug|Any CPU
		Debug|ARM = Debug|ARM
		Debug|iPhone = Debug|iPhone
		Debug|iPhoneSimulator = Debug|iPhoneSimulator
		Debug|x64 = Debug|x64
		Debug|x86 = Debug|x86
		Release|Any CPU = Release|Any CPU
		Release|ARM = Release|ARM
		Release|iPhone = Release|iPhone
		Release|iPhoneSimulator = Release|iPhoneSimulator
		Release|x64 = Release|x64
		Release|x86 = Release|x86
	EndGlobalSection
	GlobalSection(ProjectConfigurationPlatforms) = postSolution
		{0CCE7184-B2F9-4207-9FE7-5BCD2C8E2078}.Ad-Hoc|Any CPU.ActiveCfg = Release|Any CPU
		{0CCE7184-B2F9-4207-9FE7-5BCD2C8E2078}.Ad-Hoc|Any CPU.Build.0 = Release|Any CPU
		{0CCE7184-B2F9-4207-9FE7-5BCD2C8E2078}.Ad-Hoc|ARM.ActiveCfg = Release|Any CPU
		{0CCE7184-B2F9-4207-9FE7-5BCD2C8E2078}.Ad-Hoc|ARM.Build.0 = Release|Any CPU
		{0CCE7184-B2F9-4207-9FE7-5BCD2C8E2078}.Ad-Hoc|iPhone.ActiveCfg = Release|Any CPU
		{0CCE7184-B2F9-4207-9FE7-5BCD2C8E2078}.Ad-Hoc|iPhone.Build.0 = Release|Any CPU
		{0CCE7184-B2F9-4207-9FE7-5BCD2C8E2078}.Ad-Hoc|iPhoneSimulator.ActiveCfg = Release|Any CPU
		{0CCE7184-B2F9-4207-9FE7-5BCD2C8E2078}.Ad-Hoc|iPhoneSimulator.Build.0 = Release|Any CPU
		{0CCE7184-B2F9-4207-9FE7-5BCD2C8E2078}.Ad-Hoc|x64.ActiveCfg = Release|Any CPU
		{0CCE7184-B2F9-4207-9FE7-5BCD2C8E2078}.Ad-Hoc|x64.Build.0 = Release|Any CPU
		{0CCE7184-B2F9-4207-9FE7-5BCD2C8E2078}.Ad-Hoc|x86.ActiveCfg = Release|Any CPU
		{0CCE7184-B2F9-4207-9FE7-5BCD2C8E2078}.Ad-Hoc|x86.Build.0 = Release|Any CPU
		{0CCE7184-B2F9-4207-9FE7-5BCD2C8E2078}.AppStore|Any CPU.ActiveCfg = Release|Any CPU
		{0CCE7184-B2F9-4207-9FE7-5BCD2C8E2078}.AppStore|Any CPU.Build.0 = Release|Any CPU
		{0CCE7184-B2F9-4207-9FE7-5BCD2C8E2078}.AppStore|ARM.ActiveCfg = Release|Any CPU
		{0CCE7184-B2F9-4207-9FE7-5BCD2C8E2078}.AppStore|ARM.Build.0 = Release|Any CPU
		{0CCE7184-B2F9-4207-9FE7-5BCD2C8E2078}.AppStore|iPhone.ActiveCfg = Release|Any CPU
		{0CCE7184-B2F9-4207-9FE7-5BCD2C8E2078}.AppStore|iPhone.Build.0 = Release|Any CPU
		{0CCE7184-B2F9-4207-9FE7-5BCD2C8E2078}.AppStore|iPhoneSimulator.ActiveCfg = Release|Any CPU
		{0CCE7184-B2F9-4207-9FE7-5BCD2C8E2078}.AppStore|iPhoneSimulator.Build.0 = Release|Any CPU
		{0CCE7184-B2F9-4207-9FE7-5BCD2C8E2078}.AppStore|x64.ActiveCfg = Release|Any CPU
		{0CCE7184-B2F9-4207-9FE7-5BCD2C8E2078}.AppStore|x64.Build.0 = Release|Any CPU
		{0CCE7184-B2F9-4207-9FE7-5BCD2C8E2078}.AppStore|x86.ActiveCfg = Release|Any CPU
		{0CCE7184-B2F9-4207-9FE7-5BCD2C8E2078}.AppStore|x86.Build.0 = Release|Any CPU
		{0CCE7184-B2F9-4207-9FE7-5BCD2C8E2078}.Debug|Any CPU.ActiveCfg = Debug|Any CPU
		{0CCE7184-B2F9-4207-9FE7-5BCD2C8E2078}.Debug|Any CPU.Build.0 = Debug|Any CPU
		{0CCE7184-B2F9-4207-9FE7-5BCD2C8E2078}.Debug|ARM.ActiveCfg = Debug|Any CPU
		{0CCE7184-B2F9-4207-9FE7-5BCD2C8E2078}.Debug|ARM.Build.0 = Debug|Any CPU
		{0CCE7184-B2F9-4207-9FE7-5BCD2C8E2078}.Debug|iPhone.ActiveCfg = Debug|Any CPU
		{0CCE7184-B2F9-4207-9FE7-5BCD2C8E2078}.Debug|iPhone.Build.0 = Debug|Any CPU
		{0CCE7184-B2F9-4207-9FE7-5BCD2C8E2078}.Debug|iPhoneSimulator.ActiveCfg = Debug|Any CPU
		{0CCE7184-B2F9-4207-9FE7-5BCD2C8E2078}.Debug|iPhoneSimulator.Build.0 = Debug|Any CPU
		{0CCE7184-B2F9-4207-9FE7-5BCD2C8E2078}.Debug|x64.ActiveCfg = Debug|Any CPU
		{0CCE7184-B2F9-4207-9FE7-5BCD2C8E2078}.Debug|x64.Build.0 = Debug|Any CPU
		{0CCE7184-B2F9-4207-9FE7-5BCD2C8E2078}.Debug|x86.ActiveCfg = Debug|Any CPU
		{0CCE7184-B2F9-4207-9FE7-5BCD2C8E2078}.Debug|x86.Build.0 = Debug|Any CPU
		{0CCE7184-B2F9-4207-9FE7-5BCD2C8E2078}.Release|Any CPU.ActiveCfg = Release|Any CPU
		{0CCE7184-B2F9-4207-9FE7-5BCD2C8E2078}.Release|Any CPU.Build.0 = Release|Any CPU
		{0CCE7184-B2F9-4207-9FE7-5BCD2C8E2078}.Release|ARM.ActiveCfg = Release|Any CPU
		{0CCE7184-B2F9-4207-9FE7-5BCD2C8E2078}.Release|ARM.Build.0 = Release|Any CPU
		{0CCE7184-B2F9-4207-9FE7-5BCD2C8E2078}.Release|iPhone.ActiveCfg = Release|Any CPU
		{0CCE7184-B2F9-4207-9FE7-5BCD2C8E2078}.Release|iPhone.Build.0 = Release|Any CPU
		{0CCE7184-B2F9-4207-9FE7-5BCD2C8E2078}.Release|iPhoneSimulator.ActiveCfg = Release|Any CPU
		{0CCE7184-B2F9-4207-9FE7-5BCD2C8E2078}.Release|iPhoneSimulator.Build.0 = Release|Any CPU
		{0CCE7184-B2F9-4207-9FE7-5BCD2C8E2078}.Release|x64.ActiveCfg = Release|Any CPU
		{0CCE7184-B2F9-4207-9FE7-5BCD2C8E2078}.Release|x64.Build.0 = Release|Any CPU
		{0CCE7184-B2F9-4207-9FE7-5BCD2C8E2078}.Release|x86.ActiveCfg = Release|Any CPU
		{0CCE7184-B2F9-4207-9FE7-5BCD2C8E2078}.Release|x86.Build.0 = Release|Any CPU
		{65EE2DC7-719E-4AEF-9F01-E4198111D95A}.Ad-Hoc|Any CPU.ActiveCfg = Release|Any CPU
		{65EE2DC7-719E-4AEF-9F01-E4198111D95A}.Ad-Hoc|Any CPU.Build.0 = Release|Any CPU
		{65EE2DC7-719E-4AEF-9F01-E4198111D95A}.Ad-Hoc|Any CPU.Deploy.0 = Release|Any CPU
		{65EE2DC7-719E-4AEF-9F01-E4198111D95A}.Ad-Hoc|ARM.ActiveCfg = Release|Any CPU
		{65EE2DC7-719E-4AEF-9F01-E4198111D95A}.Ad-Hoc|ARM.Build.0 = Release|Any CPU
		{65EE2DC7-719E-4AEF-9F01-E4198111D95A}.Ad-Hoc|ARM.Deploy.0 = Release|Any CPU
		{65EE2DC7-719E-4AEF-9F01-E4198111D95A}.Ad-Hoc|iPhone.ActiveCfg = Release|Any CPU
		{65EE2DC7-719E-4AEF-9F01-E4198111D95A}.Ad-Hoc|iPhone.Build.0 = Release|Any CPU
		{65EE2DC7-719E-4AEF-9F01-E4198111D95A}.Ad-Hoc|iPhone.Deploy.0 = Release|Any CPU
		{65EE2DC7-719E-4AEF-9F01-E4198111D95A}.Ad-Hoc|iPhoneSimulator.ActiveCfg = Release|Any CPU
		{65EE2DC7-719E-4AEF-9F01-E4198111D95A}.Ad-Hoc|iPhoneSimulator.Build.0 = Release|Any CPU
		{65EE2DC7-719E-4AEF-9F01-E4198111D95A}.Ad-Hoc|iPhoneSimulator.Deploy.0 = Release|Any CPU
		{65EE2DC7-719E-4AEF-9F01-E4198111D95A}.Ad-Hoc|x64.ActiveCfg = Release|Any CPU
		{65EE2DC7-719E-4AEF-9F01-E4198111D95A}.Ad-Hoc|x64.Build.0 = Release|Any CPU
		{65EE2DC7-719E-4AEF-9F01-E4198111D95A}.Ad-Hoc|x64.Deploy.0 = Release|Any CPU
		{65EE2DC7-719E-4AEF-9F01-E4198111D95A}.Ad-Hoc|x86.ActiveCfg = Release|Any CPU
		{65EE2DC7-719E-4AEF-9F01-E4198111D95A}.Ad-Hoc|x86.Build.0 = Release|Any CPU
		{65EE2DC7-719E-4AEF-9F01-E4198111D95A}.Ad-Hoc|x86.Deploy.0 = Release|Any CPU
		{65EE2DC7-719E-4AEF-9F01-E4198111D95A}.AppStore|Any CPU.ActiveCfg = Release|Any CPU
		{65EE2DC7-719E-4AEF-9F01-E4198111D95A}.AppStore|Any CPU.Build.0 = Release|Any CPU
		{65EE2DC7-719E-4AEF-9F01-E4198111D95A}.AppStore|Any CPU.Deploy.0 = Release|Any CPU
		{65EE2DC7-719E-4AEF-9F01-E4198111D95A}.AppStore|ARM.ActiveCfg = Release|Any CPU
		{65EE2DC7-719E-4AEF-9F01-E4198111D95A}.AppStore|ARM.Build.0 = Release|Any CPU
		{65EE2DC7-719E-4AEF-9F01-E4198111D95A}.AppStore|ARM.Deploy.0 = Release|Any CPU
		{65EE2DC7-719E-4AEF-9F01-E4198111D95A}.AppStore|iPhone.ActiveCfg = Release|Any CPU
		{65EE2DC7-719E-4AEF-9F01-E4198111D95A}.AppStore|iPhone.Build.0 = Release|Any CPU
		{65EE2DC7-719E-4AEF-9F01-E4198111D95A}.AppStore|iPhone.Deploy.0 = Release|Any CPU
		{65EE2DC7-719E-4AEF-9F01-E4198111D95A}.AppStore|iPhoneSimulator.ActiveCfg = Release|Any CPU
		{65EE2DC7-719E-4AEF-9F01-E4198111D95A}.AppStore|iPhoneSimulator.Build.0 = Release|Any CPU
		{65EE2DC7-719E-4AEF-9F01-E4198111D95A}.AppStore|iPhoneSimulator.Deploy.0 = Release|Any CPU
		{65EE2DC7-719E-4AEF-9F01-E4198111D95A}.AppStore|x64.ActiveCfg = Release|Any CPU
		{65EE2DC7-719E-4AEF-9F01-E4198111D95A}.AppStore|x64.Build.0 = Release|Any CPU
		{65EE2DC7-719E-4AEF-9F01-E4198111D95A}.AppStore|x64.Deploy.0 = Release|Any CPU
		{65EE2DC7-719E-4AEF-9F01-E4198111D95A}.AppStore|x86.ActiveCfg = Release|Any CPU
		{65EE2DC7-719E-4AEF-9F01-E4198111D95A}.AppStore|x86.Build.0 = Release|Any CPU
		{65EE2DC7-719E-4AEF-9F01-E4198111D95A}.AppStore|x86.Deploy.0 = Release|Any CPU
		{65EE2DC7-719E-4AEF-9F01-E4198111D95A}.Debug|Any CPU.ActiveCfg = Debug|Any CPU
		{65EE2DC7-719E-4AEF-9F01-E4198111D95A}.Debug|Any CPU.Build.0 = Debug|Any CPU
		{65EE2DC7-719E-4AEF-9F01-E4198111D95A}.Debug|Any CPU.Deploy.0 = Debug|Any CPU
		{65EE2DC7-719E-4AEF-9F01-E4198111D95A}.Debug|ARM.ActiveCfg = Debug|Any CPU
		{65EE2DC7-719E-4AEF-9F01-E4198111D95A}.Debug|ARM.Build.0 = Debug|Any CPU
		{65EE2DC7-719E-4AEF-9F01-E4198111D95A}.Debug|ARM.Deploy.0 = Debug|Any CPU
		{65EE2DC7-719E-4AEF-9F01-E4198111D95A}.Debug|iPhone.ActiveCfg = Debug|Any CPU
		{65EE2DC7-719E-4AEF-9F01-E4198111D95A}.Debug|iPhone.Build.0 = Debug|Any CPU
		{65EE2DC7-719E-4AEF-9F01-E4198111D95A}.Debug|iPhone.Deploy.0 = Debug|Any CPU
		{65EE2DC7-719E-4AEF-9F01-E4198111D95A}.Debug|iPhoneSimulator.ActiveCfg = Debug|Any CPU
		{65EE2DC7-719E-4AEF-9F01-E4198111D95A}.Debug|iPhoneSimulator.Build.0 = Debug|Any CPU
		{65EE2DC7-719E-4AEF-9F01-E4198111D95A}.Debug|iPhoneSimulator.Deploy.0 = Debug|Any CPU
		{65EE2DC7-719E-4AEF-9F01-E4198111D95A}.Debug|x64.ActiveCfg = Debug|Any CPU
		{65EE2DC7-719E-4AEF-9F01-E4198111D95A}.Debug|x64.Build.0 = Debug|Any CPU
		{65EE2DC7-719E-4AEF-9F01-E4198111D95A}.Debug|x64.Deploy.0 = Debug|Any CPU
		{65EE2DC7-719E-4AEF-9F01-E4198111D95A}.Debug|x86.ActiveCfg = Debug|Any CPU
		{65EE2DC7-719E-4AEF-9F01-E4198111D95A}.Debug|x86.Build.0 = Debug|Any CPU
		{65EE2DC7-719E-4AEF-9F01-E4198111D95A}.Debug|x86.Deploy.0 = Debug|Any CPU
		{65EE2DC7-719E-4AEF-9F01-E4198111D95A}.Release|Any CPU.ActiveCfg = Release|Any CPU
		{65EE2DC7-719E-4AEF-9F01-E4198111D95A}.Release|Any CPU.Build.0 = Release|Any CPU
		{65EE2DC7-719E-4AEF-9F01-E4198111D95A}.Release|Any CPU.Deploy.0 = Release|Any CPU
		{65EE2DC7-719E-4AEF-9F01-E4198111D95A}.Release|ARM.ActiveCfg = Release|Any CPU
		{65EE2DC7-719E-4AEF-9F01-E4198111D95A}.Release|ARM.Build.0 = Release|Any CPU
		{65EE2DC7-719E-4AEF-9F01-E4198111D95A}.Release|ARM.Deploy.0 = Release|Any CPU
		{65EE2DC7-719E-4AEF-9F01-E4198111D95A}.Release|iPhone.ActiveCfg = Release|Any CPU
		{65EE2DC7-719E-4AEF-9F01-E4198111D95A}.Release|iPhone.Build.0 = Release|Any CPU
		{65EE2DC7-719E-4AEF-9F01-E4198111D95A}.Release|iPhone.Deploy.0 = Release|Any CPU
		{65EE2DC7-719E-4AEF-9F01-E4198111D95A}.Release|iPhoneSimulator.ActiveCfg = Release|Any CPU
		{65EE2DC7-719E-4AEF-9F01-E4198111D95A}.Release|iPhoneSimulator.Build.0 = Release|Any CPU
		{65EE2DC7-719E-4AEF-9F01-E4198111D95A}.Release|iPhoneSimulator.Deploy.0 = Release|Any CPU
		{65EE2DC7-719E-4AEF-9F01-E4198111D95A}.Release|x64.ActiveCfg = Release|Any CPU
		{65EE2DC7-719E-4AEF-9F01-E4198111D95A}.Release|x64.Build.0 = Release|Any CPU
		{65EE2DC7-719E-4AEF-9F01-E4198111D95A}.Release|x64.Deploy.0 = Release|Any CPU
		{65EE2DC7-719E-4AEF-9F01-E4198111D95A}.Release|x86.ActiveCfg = Release|Any CPU
		{65EE2DC7-719E-4AEF-9F01-E4198111D95A}.Release|x86.Build.0 = Release|Any CPU
		{65EE2DC7-719E-4AEF-9F01-E4198111D95A}.Release|x86.Deploy.0 = Release|Any CPU
		{FA984E19-0CFC-42C7-9899-2D002A97B002}.Ad-Hoc|Any CPU.ActiveCfg = Ad-Hoc|iPhone
		{FA984E19-0CFC-42C7-9899-2D002A97B002}.Ad-Hoc|ARM.ActiveCfg = Ad-Hoc|iPhone
		{FA984E19-0CFC-42C7-9899-2D002A97B002}.Ad-Hoc|iPhone.ActiveCfg = Ad-Hoc|iPhone
		{FA984E19-0CFC-42C7-9899-2D002A97B002}.Ad-Hoc|iPhone.Build.0 = Ad-Hoc|iPhone
		{FA984E19-0CFC-42C7-9899-2D002A97B002}.Ad-Hoc|iPhoneSimulator.ActiveCfg = Ad-Hoc|iPhoneSimulator
		{FA984E19-0CFC-42C7-9899-2D002A97B002}.Ad-Hoc|iPhoneSimulator.Build.0 = Ad-Hoc|iPhoneSimulator
		{FA984E19-0CFC-42C7-9899-2D002A97B002}.Ad-Hoc|x64.ActiveCfg = Ad-Hoc|iPhone
		{FA984E19-0CFC-42C7-9899-2D002A97B002}.Ad-Hoc|x86.ActiveCfg = Ad-Hoc|iPhone
		{FA984E19-0CFC-42C7-9899-2D002A97B002}.AppStore|Any CPU.ActiveCfg = AppStore|iPhone
		{FA984E19-0CFC-42C7-9899-2D002A97B002}.AppStore|ARM.ActiveCfg = AppStore|iPhone
		{FA984E19-0CFC-42C7-9899-2D002A97B002}.AppStore|iPhone.ActiveCfg = AppStore|iPhone
		{FA984E19-0CFC-42C7-9899-2D002A97B002}.AppStore|iPhone.Build.0 = AppStore|iPhone
		{FA984E19-0CFC-42C7-9899-2D002A97B002}.AppStore|iPhoneSimulator.ActiveCfg = AppStore|iPhoneSimulator
		{FA984E19-0CFC-42C7-9899-2D002A97B002}.AppStore|iPhoneSimulator.Build.0 = AppStore|iPhoneSimulator
		{FA984E19-0CFC-42C7-9899-2D002A97B002}.AppStore|x64.ActiveCfg = AppStore|iPhone
		{FA984E19-0CFC-42C7-9899-2D002A97B002}.AppStore|x86.ActiveCfg = AppStore|iPhone
		{FA984E19-0CFC-42C7-9899-2D002A97B002}.Debug|Any CPU.ActiveCfg = Debug|iPhone
		{FA984E19-0CFC-42C7-9899-2D002A97B002}.Debug|ARM.ActiveCfg = Debug|iPhone
		{FA984E19-0CFC-42C7-9899-2D002A97B002}.Debug|iPhone.ActiveCfg = Debug|iPhone
		{FA984E19-0CFC-42C7-9899-2D002A97B002}.Debug|iPhone.Build.0 = Debug|iPhone
		{FA984E19-0CFC-42C7-9899-2D002A97B002}.Debug|iPhoneSimulator.ActiveCfg = Debug|iPhoneSimulator
		{FA984E19-0CFC-42C7-9899-2D002A97B002}.Debug|iPhoneSimulator.Build.0 = Debug|iPhoneSimulator
		{FA984E19-0CFC-42C7-9899-2D002A97B002}.Debug|x64.ActiveCfg = Debug|iPhone
		{FA984E19-0CFC-42C7-9899-2D002A97B002}.Debug|x86.ActiveCfg = Debug|iPhone
		{FA984E19-0CFC-42C7-9899-2D002A97B002}.Release|Any CPU.ActiveCfg = Release|iPhone
		{FA984E19-0CFC-42C7-9899-2D002A97B002}.Release|ARM.ActiveCfg = Release|iPhone
		{FA984E19-0CFC-42C7-9899-2D002A97B002}.Release|iPhone.ActiveCfg = Release|iPhone
		{FA984E19-0CFC-42C7-9899-2D002A97B002}.Release|iPhone.Build.0 = Release|iPhone
		{FA984E19-0CFC-42C7-9899-2D002A97B002}.Release|iPhoneSimulator.ActiveCfg = Release|iPhoneSimulator
		{FA984E19-0CFC-42C7-9899-2D002A97B002}.Release|iPhoneSimulator.Build.0 = Release|iPhoneSimulator
		{FA984E19-0CFC-42C7-9899-2D002A97B002}.Release|x64.ActiveCfg = Release|iPhone
		{FA984E19-0CFC-42C7-9899-2D002A97B002}.Release|x86.ActiveCfg = Release|iPhone
		{EF422586-2BDA-4D07-83C8-2DCBB6513DB0}.Ad-Hoc|Any CPU.ActiveCfg = Release|Any CPU
		{EF422586-2BDA-4D07-83C8-2DCBB6513DB0}.Ad-Hoc|Any CPU.Build.0 = Release|Any CPU
		{EF422586-2BDA-4D07-83C8-2DCBB6513DB0}.Ad-Hoc|Any CPU.Deploy.0 = Release|Any CPU
		{EF422586-2BDA-4D07-83C8-2DCBB6513DB0}.Ad-Hoc|ARM.ActiveCfg = Release|ARM
		{EF422586-2BDA-4D07-83C8-2DCBB6513DB0}.Ad-Hoc|ARM.Build.0 = Release|ARM
		{EF422586-2BDA-4D07-83C8-2DCBB6513DB0}.Ad-Hoc|ARM.Deploy.0 = Release|ARM
		{EF422586-2BDA-4D07-83C8-2DCBB6513DB0}.Ad-Hoc|iPhone.ActiveCfg = Release|Any CPU
		{EF422586-2BDA-4D07-83C8-2DCBB6513DB0}.Ad-Hoc|iPhone.Build.0 = Release|Any CPU
		{EF422586-2BDA-4D07-83C8-2DCBB6513DB0}.Ad-Hoc|iPhone.Deploy.0 = Release|Any CPU
		{EF422586-2BDA-4D07-83C8-2DCBB6513DB0}.Ad-Hoc|iPhoneSimulator.ActiveCfg = Release|Any CPU
		{EF422586-2BDA-4D07-83C8-2DCBB6513DB0}.Ad-Hoc|iPhoneSimulator.Build.0 = Release|Any CPU
		{EF422586-2BDA-4D07-83C8-2DCBB6513DB0}.Ad-Hoc|iPhoneSimulator.Deploy.0 = Release|Any CPU
		{EF422586-2BDA-4D07-83C8-2DCBB6513DB0}.Ad-Hoc|x64.ActiveCfg = Release|Any CPU
		{EF422586-2BDA-4D07-83C8-2DCBB6513DB0}.Ad-Hoc|x64.Build.0 = Release|Any CPU
		{EF422586-2BDA-4D07-83C8-2DCBB6513DB0}.Ad-Hoc|x64.Deploy.0 = Release|Any CPU
		{EF422586-2BDA-4D07-83C8-2DCBB6513DB0}.Ad-Hoc|x86.ActiveCfg = Release|x86
		{EF422586-2BDA-4D07-83C8-2DCBB6513DB0}.Ad-Hoc|x86.Build.0 = Release|x86
		{EF422586-2BDA-4D07-83C8-2DCBB6513DB0}.Ad-Hoc|x86.Deploy.0 = Release|x86
		{EF422586-2BDA-4D07-83C8-2DCBB6513DB0}.AppStore|Any CPU.ActiveCfg = Release|Any CPU
		{EF422586-2BDA-4D07-83C8-2DCBB6513DB0}.AppStore|Any CPU.Build.0 = Release|Any CPU
		{EF422586-2BDA-4D07-83C8-2DCBB6513DB0}.AppStore|Any CPU.Deploy.0 = Release|Any CPU
		{EF422586-2BDA-4D07-83C8-2DCBB6513DB0}.AppStore|ARM.ActiveCfg = Release|ARM
		{EF422586-2BDA-4D07-83C8-2DCBB6513DB0}.AppStore|ARM.Build.0 = Release|ARM
		{EF422586-2BDA-4D07-83C8-2DCBB6513DB0}.AppStore|ARM.Deploy.0 = Release|ARM
		{EF422586-2BDA-4D07-83C8-2DCBB6513DB0}.AppStore|iPhone.ActiveCfg = Release|Any CPU
		{EF422586-2BDA-4D07-83C8-2DCBB6513DB0}.AppStore|iPhone.Build.0 = Release|Any CPU
		{EF422586-2BDA-4D07-83C8-2DCBB6513DB0}.AppStore|iPhone.Deploy.0 = Release|Any CPU
		{EF422586-2BDA-4D07-83C8-2DCBB6513DB0}.AppStore|iPhoneSimulator.ActiveCfg = Release|Any CPU
		{EF422586-2BDA-4D07-83C8-2DCBB6513DB0}.AppStore|iPhoneSimulator.Build.0 = Release|Any CPU
		{EF422586-2BDA-4D07-83C8-2DCBB6513DB0}.AppStore|iPhoneSimulator.Deploy.0 = Release|Any CPU
		{EF422586-2BDA-4D07-83C8-2DCBB6513DB0}.AppStore|x64.ActiveCfg = Release|Any CPU
		{EF422586-2BDA-4D07-83C8-2DCBB6513DB0}.AppStore|x64.Build.0 = Release|Any CPU
		{EF422586-2BDA-4D07-83C8-2DCBB6513DB0}.AppStore|x64.Deploy.0 = Release|Any CPU
		{EF422586-2BDA-4D07-83C8-2DCBB6513DB0}.AppStore|x86.ActiveCfg = Release|x86
		{EF422586-2BDA-4D07-83C8-2DCBB6513DB0}.AppStore|x86.Build.0 = Release|x86
		{EF422586-2BDA-4D07-83C8-2DCBB6513DB0}.AppStore|x86.Deploy.0 = Release|x86
		{EF422586-2BDA-4D07-83C8-2DCBB6513DB0}.Debug|Any CPU.ActiveCfg = Debug|Any CPU
		{EF422586-2BDA-4D07-83C8-2DCBB6513DB0}.Debug|Any CPU.Build.0 = Debug|Any CPU
		{EF422586-2BDA-4D07-83C8-2DCBB6513DB0}.Debug|Any CPU.Deploy.0 = Debug|Any CPU
		{EF422586-2BDA-4D07-83C8-2DCBB6513DB0}.Debug|ARM.ActiveCfg = Debug|ARM
		{EF422586-2BDA-4D07-83C8-2DCBB6513DB0}.Debug|ARM.Build.0 = Debug|ARM
		{EF422586-2BDA-4D07-83C8-2DCBB6513DB0}.Debug|ARM.Deploy.0 = Debug|ARM
		{EF422586-2BDA-4D07-83C8-2DCBB6513DB0}.Debug|iPhone.ActiveCfg = Debug|Any CPU
		{EF422586-2BDA-4D07-83C8-2DCBB6513DB0}.Debug|iPhone.Build.0 = Debug|Any CPU
		{EF422586-2BDA-4D07-83C8-2DCBB6513DB0}.Debug|iPhone.Deploy.0 = Debug|Any CPU
		{EF422586-2BDA-4D07-83C8-2DCBB6513DB0}.Debug|iPhoneSimulator.ActiveCfg = Debug|Any CPU
		{EF422586-2BDA-4D07-83C8-2DCBB6513DB0}.Debug|iPhoneSimulator.Build.0 = Debug|Any CPU
		{EF422586-2BDA-4D07-83C8-2DCBB6513DB0}.Debug|iPhoneSimulator.Deploy.0 = Debug|Any CPU
		{EF422586-2BDA-4D07-83C8-2DCBB6513DB0}.Debug|x64.ActiveCfg = Debug|Any CPU
		{EF422586-2BDA-4D07-83C8-2DCBB6513DB0}.Debug|x64.Build.0 = Debug|Any CPU
		{EF422586-2BDA-4D07-83C8-2DCBB6513DB0}.Debug|x64.Deploy.0 = Debug|Any CPU
		{EF422586-2BDA-4D07-83C8-2DCBB6513DB0}.Debug|x86.ActiveCfg = Debug|x86
		{EF422586-2BDA-4D07-83C8-2DCBB6513DB0}.Debug|x86.Build.0 = Debug|x86
		{EF422586-2BDA-4D07-83C8-2DCBB6513DB0}.Debug|x86.Deploy.0 = Debug|x86
		{EF422586-2BDA-4D07-83C8-2DCBB6513DB0}.Release|Any CPU.ActiveCfg = Release|Any CPU
		{EF422586-2BDA-4D07-83C8-2DCBB6513DB0}.Release|Any CPU.Build.0 = Release|Any CPU
		{EF422586-2BDA-4D07-83C8-2DCBB6513DB0}.Release|Any CPU.Deploy.0 = Release|Any CPU
		{EF422586-2BDA-4D07-83C8-2DCBB6513DB0}.Release|ARM.ActiveCfg = Release|ARM
		{EF422586-2BDA-4D07-83C8-2DCBB6513DB0}.Release|ARM.Build.0 = Release|ARM
		{EF422586-2BDA-4D07-83C8-2DCBB6513DB0}.Release|ARM.Deploy.0 = Release|ARM
		{EF422586-2BDA-4D07-83C8-2DCBB6513DB0}.Release|iPhone.ActiveCfg = Release|Any CPU
		{EF422586-2BDA-4D07-83C8-2DCBB6513DB0}.Release|iPhone.Build.0 = Release|Any CPU
		{EF422586-2BDA-4D07-83C8-2DCBB6513DB0}.Release|iPhone.Deploy.0 = Release|Any CPU
		{EF422586-2BDA-4D07-83C8-2DCBB6513DB0}.Release|iPhoneSimulator.ActiveCfg = Release|Any CPU
		{EF422586-2BDA-4D07-83C8-2DCBB6513DB0}.Release|iPhoneSimulator.Build.0 = Release|Any CPU
		{EF422586-2BDA-4D07-83C8-2DCBB6513DB0}.Release|iPhoneSimulator.Deploy.0 = Release|Any CPU
		{EF422586-2BDA-4D07-83C8-2DCBB6513DB0}.Release|x64.ActiveCfg = Release|Any CPU
		{EF422586-2BDA-4D07-83C8-2DCBB6513DB0}.Release|x64.Build.0 = Release|Any CPU
		{EF422586-2BDA-4D07-83C8-2DCBB6513DB0}.Release|x64.Deploy.0 = Release|Any CPU
		{EF422586-2BDA-4D07-83C8-2DCBB6513DB0}.Release|x86.ActiveCfg = Release|x86
		{EF422586-2BDA-4D07-83C8-2DCBB6513DB0}.Release|x86.Build.0 = Release|x86
		{EF422586-2BDA-4D07-83C8-2DCBB6513DB0}.Release|x86.Deploy.0 = Release|x86
		{6E258629-DEE5-4076-B3AF-639B8AAE3B8C}.Ad-Hoc|Any CPU.ActiveCfg = Release|x86
		{6E258629-DEE5-4076-B3AF-639B8AAE3B8C}.Ad-Hoc|Any CPU.Build.0 = Release|x86
		{6E258629-DEE5-4076-B3AF-639B8AAE3B8C}.Ad-Hoc|Any CPU.Deploy.0 = Release|x86
		{6E258629-DEE5-4076-B3AF-639B8AAE3B8C}.Ad-Hoc|ARM.ActiveCfg = Release|ARM
		{6E258629-DEE5-4076-B3AF-639B8AAE3B8C}.Ad-Hoc|ARM.Build.0 = Release|ARM
		{6E258629-DEE5-4076-B3AF-639B8AAE3B8C}.Ad-Hoc|ARM.Deploy.0 = Release|ARM
		{6E258629-DEE5-4076-B3AF-639B8AAE3B8C}.Ad-Hoc|iPhone.ActiveCfg = Release|x86
		{6E258629-DEE5-4076-B3AF-639B8AAE3B8C}.Ad-Hoc|iPhone.Build.0 = Release|x86
		{6E258629-DEE5-4076-B3AF-639B8AAE3B8C}.Ad-Hoc|iPhone.Deploy.0 = Release|x86
		{6E258629-DEE5-4076-B3AF-639B8AAE3B8C}.Ad-Hoc|iPhoneSimulator.ActiveCfg = Release|x86
		{6E258629-DEE5-4076-B3AF-639B8AAE3B8C}.Ad-Hoc|iPhoneSimulator.Build.0 = Release|x86
		{6E258629-DEE5-4076-B3AF-639B8AAE3B8C}.Ad-Hoc|iPhoneSimulator.Deploy.0 = Release|x86
		{6E258629-DEE5-4076-B3AF-639B8AAE3B8C}.Ad-Hoc|x64.ActiveCfg = Release|x64
		{6E258629-DEE5-4076-B3AF-639B8AAE3B8C}.Ad-Hoc|x64.Build.0 = Release|x64
		{6E258629-DEE5-4076-B3AF-639B8AAE3B8C}.Ad-Hoc|x64.Deploy.0 = Release|x64
		{6E258629-DEE5-4076-B3AF-639B8AAE3B8C}.Ad-Hoc|x86.ActiveCfg = Release|x86
		{6E258629-DEE5-4076-B3AF-639B8AAE3B8C}.Ad-Hoc|x86.Build.0 = Release|x86
		{6E258629-DEE5-4076-B3AF-639B8AAE3B8C}.Ad-Hoc|x86.Deploy.0 = Release|x86
		{6E258629-DEE5-4076-B3AF-639B8AAE3B8C}.AppStore|Any CPU.ActiveCfg = Release|x86
		{6E258629-DEE5-4076-B3AF-639B8AAE3B8C}.AppStore|Any CPU.Build.0 = Release|x86
		{6E258629-DEE5-4076-B3AF-639B8AAE3B8C}.AppStore|Any CPU.Deploy.0 = Release|x86
		{6E258629-DEE5-4076-B3AF-639B8AAE3B8C}.AppStore|ARM.ActiveCfg = Release|ARM
		{6E258629-DEE5-4076-B3AF-639B8AAE3B8C}.AppStore|ARM.Build.0 = Release|ARM
		{6E258629-DEE5-4076-B3AF-639B8AAE3B8C}.AppStore|ARM.Deploy.0 = Release|ARM
		{6E258629-DEE5-4076-B3AF-639B8AAE3B8C}.AppStore|iPhone.ActiveCfg = Release|x86
		{6E258629-DEE5-4076-B3AF-639B8AAE3B8C}.AppStore|iPhone.Build.0 = Release|x86
		{6E258629-DEE5-4076-B3AF-639B8AAE3B8C}.AppStore|iPhone.Deploy.0 = Release|x86
		{6E258629-DEE5-4076-B3AF-639B8AAE3B8C}.AppStore|iPhoneSimulator.ActiveCfg = Release|x86
		{6E258629-DEE5-4076-B3AF-639B8AAE3B8C}.AppStore|iPhoneSimulator.Build.0 = Release|x86
		{6E258629-DEE5-4076-B3AF-639B8AAE3B8C}.AppStore|iPhoneSimulator.Deploy.0 = Release|x86
		{6E258629-DEE5-4076-B3AF-639B8AAE3B8C}.AppStore|x64.ActiveCfg = Release|x64
		{6E258629-DEE5-4076-B3AF-639B8AAE3B8C}.AppStore|x64.Build.0 = Release|x64
		{6E258629-DEE5-4076-B3AF-639B8AAE3B8C}.AppStore|x64.Deploy.0 = Release|x64
		{6E258629-DEE5-4076-B3AF-639B8AAE3B8C}.AppStore|x86.ActiveCfg = Release|x86
		{6E258629-DEE5-4076-B3AF-639B8AAE3B8C}.AppStore|x86.Build.0 = Release|x86
		{6E258629-DEE5-4076-B3AF-639B8AAE3B8C}.AppStore|x86.Deploy.0 = Release|x86
		{6E258629-DEE5-4076-B3AF-639B8AAE3B8C}.Debug|Any CPU.ActiveCfg = Debug|x86
		{6E258629-DEE5-4076-B3AF-639B8AAE3B8C}.Debug|ARM.ActiveCfg = Debug|ARM
		{6E258629-DEE5-4076-B3AF-639B8AAE3B8C}.Debug|ARM.Build.0 = Debug|ARM
		{6E258629-DEE5-4076-B3AF-639B8AAE3B8C}.Debug|ARM.Deploy.0 = Debug|ARM
		{6E258629-DEE5-4076-B3AF-639B8AAE3B8C}.Debug|iPhone.ActiveCfg = Debug|x86
		{6E258629-DEE5-4076-B3AF-639B8AAE3B8C}.Debug|iPhoneSimulator.ActiveCfg = Debug|x86
		{6E258629-DEE5-4076-B3AF-639B8AAE3B8C}.Debug|x64.ActiveCfg = Debug|x64
		{6E258629-DEE5-4076-B3AF-639B8AAE3B8C}.Debug|x64.Build.0 = Debug|x64
		{6E258629-DEE5-4076-B3AF-639B8AAE3B8C}.Debug|x64.Deploy.0 = Debug|x64
		{6E258629-DEE5-4076-B3AF-639B8AAE3B8C}.Debug|x86.ActiveCfg = Debug|x86
		{6E258629-DEE5-4076-B3AF-639B8AAE3B8C}.Debug|x86.Build.0 = Debug|x86
		{6E258629-DEE5-4076-B3AF-639B8AAE3B8C}.Debug|x86.Deploy.0 = Debug|x86
		{6E258629-DEE5-4076-B3AF-639B8AAE3B8C}.Release|Any CPU.ActiveCfg = Release|x86
		{6E258629-DEE5-4076-B3AF-639B8AAE3B8C}.Release|ARM.ActiveCfg = Release|ARM
		{6E258629-DEE5-4076-B3AF-639B8AAE3B8C}.Release|ARM.Build.0 = Release|ARM
		{6E258629-DEE5-4076-B3AF-639B8AAE3B8C}.Release|ARM.Deploy.0 = Release|ARM
		{6E258629-DEE5-4076-B3AF-639B8AAE3B8C}.Release|iPhone.ActiveCfg = Release|x86
		{6E258629-DEE5-4076-B3AF-639B8AAE3B8C}.Release|iPhoneSimulator.ActiveCfg = Release|x86
		{6E258629-DEE5-4076-B3AF-639B8AAE3B8C}.Release|x64.ActiveCfg = Release|x64
		{6E258629-DEE5-4076-B3AF-639B8AAE3B8C}.Release|x64.Build.0 = Release|x64
		{6E258629-DEE5-4076-B3AF-639B8AAE3B8C}.Release|x64.Deploy.0 = Release|x64
		{6E258629-DEE5-4076-B3AF-639B8AAE3B8C}.Release|x86.ActiveCfg = Release|x86
		{6E258629-DEE5-4076-B3AF-639B8AAE3B8C}.Release|x86.Build.0 = Release|x86
		{6E258629-DEE5-4076-B3AF-639B8AAE3B8C}.Release|x86.Deploy.0 = Release|x86
		{6864B06B-D9A4-4D21-82F0-9499AD704C4D}.Ad-Hoc|Any CPU.ActiveCfg = Release|Any CPU
		{6864B06B-D9A4-4D21-82F0-9499AD704C4D}.Ad-Hoc|Any CPU.Build.0 = Release|Any CPU
		{6864B06B-D9A4-4D21-82F0-9499AD704C4D}.Ad-Hoc|Any CPU.Deploy.0 = Release|Any CPU
		{6864B06B-D9A4-4D21-82F0-9499AD704C4D}.Ad-Hoc|ARM.ActiveCfg = Release|ARM
		{6864B06B-D9A4-4D21-82F0-9499AD704C4D}.Ad-Hoc|ARM.Build.0 = Release|ARM
		{6864B06B-D9A4-4D21-82F0-9499AD704C4D}.Ad-Hoc|ARM.Deploy.0 = Release|ARM
		{6864B06B-D9A4-4D21-82F0-9499AD704C4D}.Ad-Hoc|iPhone.ActiveCfg = Release|Any CPU
		{6864B06B-D9A4-4D21-82F0-9499AD704C4D}.Ad-Hoc|iPhone.Build.0 = Release|Any CPU
		{6864B06B-D9A4-4D21-82F0-9499AD704C4D}.Ad-Hoc|iPhone.Deploy.0 = Release|Any CPU
		{6864B06B-D9A4-4D21-82F0-9499AD704C4D}.Ad-Hoc|iPhoneSimulator.ActiveCfg = Release|Any CPU
		{6864B06B-D9A4-4D21-82F0-9499AD704C4D}.Ad-Hoc|iPhoneSimulator.Build.0 = Release|Any CPU
		{6864B06B-D9A4-4D21-82F0-9499AD704C4D}.Ad-Hoc|iPhoneSimulator.Deploy.0 = Release|Any CPU
		{6864B06B-D9A4-4D21-82F0-9499AD704C4D}.Ad-Hoc|x64.ActiveCfg = Release|x64
		{6864B06B-D9A4-4D21-82F0-9499AD704C4D}.Ad-Hoc|x64.Build.0 = Release|x64
		{6864B06B-D9A4-4D21-82F0-9499AD704C4D}.Ad-Hoc|x64.Deploy.0 = Release|x64
		{6864B06B-D9A4-4D21-82F0-9499AD704C4D}.Ad-Hoc|x86.ActiveCfg = Release|x86
		{6864B06B-D9A4-4D21-82F0-9499AD704C4D}.Ad-Hoc|x86.Build.0 = Release|x86
		{6864B06B-D9A4-4D21-82F0-9499AD704C4D}.Ad-Hoc|x86.Deploy.0 = Release|x86
		{6864B06B-D9A4-4D21-82F0-9499AD704C4D}.AppStore|Any CPU.ActiveCfg = Release|Any CPU
		{6864B06B-D9A4-4D21-82F0-9499AD704C4D}.AppStore|Any CPU.Build.0 = Release|Any CPU
		{6864B06B-D9A4-4D21-82F0-9499AD704C4D}.AppStore|Any CPU.Deploy.0 = Release|Any CPU
		{6864B06B-D9A4-4D21-82F0-9499AD704C4D}.AppStore|ARM.ActiveCfg = Release|ARM
		{6864B06B-D9A4-4D21-82F0-9499AD704C4D}.AppStore|ARM.Build.0 = Release|ARM
		{6864B06B-D9A4-4D21-82F0-9499AD704C4D}.AppStore|ARM.Deploy.0 = Release|ARM
		{6864B06B-D9A4-4D21-82F0-9499AD704C4D}.AppStore|iPhone.ActiveCfg = Release|Any CPU
		{6864B06B-D9A4-4D21-82F0-9499AD704C4D}.AppStore|iPhone.Build.0 = Release|Any CPU
		{6864B06B-D9A4-4D21-82F0-9499AD704C4D}.AppStore|iPhone.Deploy.0 = Release|Any CPU
		{6864B06B-D9A4-4D21-82F0-9499AD704C4D}.AppStore|iPhoneSimulator.ActiveCfg = Release|Any CPU
		{6864B06B-D9A4-4D21-82F0-9499AD704C4D}.AppStore|iPhoneSimulator.Build.0 = Release|Any CPU
		{6864B06B-D9A4-4D21-82F0-9499AD704C4D}.AppStore|iPhoneSimulator.Deploy.0 = Release|Any CPU
		{6864B06B-D9A4-4D21-82F0-9499AD704C4D}.AppStore|x64.ActiveCfg = Release|x64
		{6864B06B-D9A4-4D21-82F0-9499AD704C4D}.AppStore|x64.Build.0 = Release|x64
		{6864B06B-D9A4-4D21-82F0-9499AD704C4D}.AppStore|x64.Deploy.0 = Release|x64
		{6864B06B-D9A4-4D21-82F0-9499AD704C4D}.AppStore|x86.ActiveCfg = Release|x86
		{6864B06B-D9A4-4D21-82F0-9499AD704C4D}.AppStore|x86.Build.0 = Release|x86
		{6864B06B-D9A4-4D21-82F0-9499AD704C4D}.AppStore|x86.Deploy.0 = Release|x86
		{6864B06B-D9A4-4D21-82F0-9499AD704C4D}.Debug|Any CPU.ActiveCfg = Debug|Any CPU
		{6864B06B-D9A4-4D21-82F0-9499AD704C4D}.Debug|Any CPU.Build.0 = Debug|Any CPU
		{6864B06B-D9A4-4D21-82F0-9499AD704C4D}.Debug|Any CPU.Deploy.0 = Debug|Any CPU
		{6864B06B-D9A4-4D21-82F0-9499AD704C4D}.Debug|ARM.ActiveCfg = Debug|ARM
		{6864B06B-D9A4-4D21-82F0-9499AD704C4D}.Debug|ARM.Build.0 = Debug|ARM
		{6864B06B-D9A4-4D21-82F0-9499AD704C4D}.Debug|ARM.Deploy.0 = Debug|ARM
		{6864B06B-D9A4-4D21-82F0-9499AD704C4D}.Debug|iPhone.ActiveCfg = Debug|Any CPU
		{6864B06B-D9A4-4D21-82F0-9499AD704C4D}.Debug|iPhone.Build.0 = Debug|Any CPU
		{6864B06B-D9A4-4D21-82F0-9499AD704C4D}.Debug|iPhone.Deploy.0 = Debug|Any CPU
		{6864B06B-D9A4-4D21-82F0-9499AD704C4D}.Debug|iPhoneSimulator.ActiveCfg = Debug|Any CPU
		{6864B06B-D9A4-4D21-82F0-9499AD704C4D}.Debug|iPhoneSimulator.Build.0 = Debug|Any CPU
		{6864B06B-D9A4-4D21-82F0-9499AD704C4D}.Debug|iPhoneSimulator.Deploy.0 = Debug|Any CPU
		{6864B06B-D9A4-4D21-82F0-9499AD704C4D}.Debug|x64.ActiveCfg = Debug|x64
		{6864B06B-D9A4-4D21-82F0-9499AD704C4D}.Debug|x64.Build.0 = Debug|x64
		{6864B06B-D9A4-4D21-82F0-9499AD704C4D}.Debug|x64.Deploy.0 = Debug|x64
		{6864B06B-D9A4-4D21-82F0-9499AD704C4D}.Debug|x86.ActiveCfg = Debug|x86
		{6864B06B-D9A4-4D21-82F0-9499AD704C4D}.Debug|x86.Build.0 = Debug|x86
		{6864B06B-D9A4-4D21-82F0-9499AD704C4D}.Debug|x86.Deploy.0 = Debug|x86
		{6864B06B-D9A4-4D21-82F0-9499AD704C4D}.Release|Any CPU.ActiveCfg = Release|Any CPU
		{6864B06B-D9A4-4D21-82F0-9499AD704C4D}.Release|Any CPU.Build.0 = Release|Any CPU
		{6864B06B-D9A4-4D21-82F0-9499AD704C4D}.Release|Any CPU.Deploy.0 = Release|Any CPU
		{6864B06B-D9A4-4D21-82F0-9499AD704C4D}.Release|ARM.ActiveCfg = Release|ARM
		{6864B06B-D9A4-4D21-82F0-9499AD704C4D}.Release|ARM.Build.0 = Release|ARM
		{6864B06B-D9A4-4D21-82F0-9499AD704C4D}.Release|ARM.Deploy.0 = Release|ARM
		{6864B06B-D9A4-4D21-82F0-9499AD704C4D}.Release|iPhone.ActiveCfg = Release|Any CPU
		{6864B06B-D9A4-4D21-82F0-9499AD704C4D}.Release|iPhone.Build.0 = Release|Any CPU
		{6864B06B-D9A4-4D21-82F0-9499AD704C4D}.Release|iPhone.Deploy.0 = Release|Any CPU
		{6864B06B-D9A4-4D21-82F0-9499AD704C4D}.Release|iPhoneSimulator.ActiveCfg = Release|Any CPU
		{6864B06B-D9A4-4D21-82F0-9499AD704C4D}.Release|iPhoneSimulator.Build.0 = Release|Any CPU
		{6864B06B-D9A4-4D21-82F0-9499AD704C4D}.Release|iPhoneSimulator.Deploy.0 = Release|Any CPU
		{6864B06B-D9A4-4D21-82F0-9499AD704C4D}.Release|x64.ActiveCfg = Release|x64
		{6864B06B-D9A4-4D21-82F0-9499AD704C4D}.Release|x64.Build.0 = Release|x64
		{6864B06B-D9A4-4D21-82F0-9499AD704C4D}.Release|x64.Deploy.0 = Release|x64
		{6864B06B-D9A4-4D21-82F0-9499AD704C4D}.Release|x86.ActiveCfg = Release|x86
		{6864B06B-D9A4-4D21-82F0-9499AD704C4D}.Release|x86.Build.0 = Release|x86
		{6864B06B-D9A4-4D21-82F0-9499AD704C4D}.Release|x86.Deploy.0 = Release|x86
	EndGlobalSection
	GlobalSection(SolutionProperties) = preSolution
		HideSolutionNode = FALSE
	EndGlobalSection
EndGlobal
